
Microsoft Visual Studio Solution File, Format Version 12.00
# Visual Studio Version 17
VisualStudioVersion = 17.6.33829.357
MinimumVisualStudioVersion = 10.0.40219.1
Project("{FAE04EC0-301F-11D3-BF4B-00C04F79EFBC}") = "Home_Work_12_GetSet", "Home_Work_12_GetSet\Home_Work_12_GetSet.csproj", "{754E8768-C3BC-45B5-9277-C797EA0FA8F4}"
EndProject
Global
	GlobalSection(SolutionConfigurationPlatforms) = preSolution
		Debug|Any CPU = Debug|Any CPU
		Release|Any CPU = Release|Any CPU
	EndGlobalSection
	GlobalSection(ProjectConfigurationPlatforms) = postSolution
		{754E8768-C3BC-45B5-9277-C797EA0FA8F4}.Debug|Any CPU.ActiveCfg = Debug|Any CPU
		{754E8768-C3BC-45B5-9277-C797EA0FA8F4}.Debug|Any CPU.Build.0 = Debug|Any CPU
		{754E8768-C3BC-45B5-9277-C797EA0FA8F4}.Release|Any CPU.ActiveCfg = Release|Any CPU
		{754E8768-C3BC-45B5-9277-C797EA0FA8F4}.Release|Any CPU.Build.0 = Release|Any CPU
	EndGlobalSection
	GlobalSection(SolutionProperties) = preSolution
		HideSolutionNode = FALSE
	EndGlobalSection
	GlobalSection(ExtensibilityGlobals) = postSolution
		SolutionGuid = {3B7DE23E-AEB1-4AA3-BBD4-2AAE7F94A832}
	EndGlobalSection
EndGlobal
